
Microsoft Visual Studio Solution File, Format Version 12.00
Project("{FAE04EC0-301F-11D3-BF4B-00C04F79EFBC}") = "WalletAPI", "WalletAPI\WalletAPI.csproj", "{AC1A8205-DDDA-4ADD-B515-BEE8CD399517}"
EndProject
Global
	GlobalSection(SolutionConfigurationPlatforms) = preSolution
		Debug|Any CPU = Debug|Any CPU
		Release|Any CPU = Release|Any CPU
	EndGlobalSection
	GlobalSection(ProjectConfigurationPlatforms) = postSolution
		{AC1A8205-DDDA-4ADD-B515-BEE8CD399517}.Debug|Any CPU.ActiveCfg = Debug|Any CPU
		{AC1A8205-DDDA-4ADD-B515-BEE8CD399517}.Debug|Any CPU.Build.0 = Debug|Any CPU
		{AC1A8205-DDDA-4ADD-B515-BEE8CD399517}.Release|Any CPU.ActiveCfg = Release|Any CPU
		{AC1A8205-DDDA-4ADD-B515-BEE8CD399517}.Release|Any CPU.Build.0 = Release|Any CPU
	EndGlobalSection
EndGlobal
